
Microsoft Visual Studio Solution File, Format Version 12.00
# Visual Studio Version 17
VisualStudioVersion = 17.7.34202.233
MinimumVisualStudioVersion = 10.0.40219.1
Project("{FAE04EC0-301F-11D3-BF4B-00C04F79EFBC}") = "Ecommerce2", "Ecommerce2\Ecommerce2.csproj", "{55527974-FF50-49CE-9BE7-70E05B28B27F}"
EndProject
Global
	GlobalSection(SolutionConfigurationPlatforms) = preSolution
		Debug|Any CPU = Debug|Any CPU
		Release|Any CPU = Release|Any CPU
	EndGlobalSection
	GlobalSection(ProjectConfigurationPlatforms) = postSolution
		{55527974-FF50-49CE-9BE7-70E05B28B27F}.Debug|Any CPU.ActiveCfg = Debug|Any CPU
		{55527974-FF50-49CE-9BE7-70E05B28B27F}.Debug|Any CPU.Build.0 = Debug|Any CPU
		{55527974-FF50-49CE-9BE7-70E05B28B27F}.Release|Any CPU.ActiveCfg = Release|Any CPU
		{55527974-FF50-49CE-9BE7-70E05B28B27F}.Release|Any CPU.Build.0 = Release|Any CPU
	EndGlobalSection
	GlobalSection(SolutionProperties) = preSolution
		HideSolutionNode = FALSE
	EndGlobalSection
	GlobalSection(ExtensibilityGlobals) = postSolution
		SolutionGuid = {868A8331-23E7-46D4-8495-C1ABE2089C37}
	EndGlobalSection
EndGlobal
