Microsoft Visual Studio Solution File, Format Version 12.00
# Visual Studio Version 17
VisualStudioVersion = 17.5.2.0
MinimumVisualStudioVersion = 10.0.40219.1
Project("{FAE04EC0-301F-11D3-BF4B-00C04F79EFBC}") = "PaymentProcessing", "PaymentProcessing.csproj", "{04BE1521-893F-1213-7778-911C5880E315}"
EndProject
Global
	GlobalSection(SolutionConfigurationPlatforms) = preSolution
		Debug|Any CPU = Debug|Any CPU
		Release|Any CPU = Release|Any CPU
	EndGlobalSection
	GlobalSection(ProjectConfigurationPlatforms) = postSolution
		{04BE1521-893F-1213-7778-911C5880E315}.Debug|Any CPU.ActiveCfg = Debug|Any CPU
		{04BE1521-893F-1213-7778-911C5880E315}.Debug|Any CPU.Build.0 = Debug|Any CPU
		{04BE1521-893F-1213-7778-911C5880E315}.Release|Any CPU.ActiveCfg = Release|Any CPU
		{04BE1521-893F-1213-7778-911C5880E315}.Release|Any CPU.Build.0 = Release|Any CPU
	EndGlobalSection
	GlobalSection(SolutionProperties) = preSolution
		HideSolutionNode = FALSE
	EndGlobalSection
	GlobalSection(ExtensibilityGlobals) = postSolution
		SolutionGuid = {03A87B9A-8D0C-4719-A967-FE6DA2C1BBFE}
	EndGlobalSection
EndGlobal
