
Microsoft Visual Studio Solution File, Format Version 12.00
# Visual Studio Version 17
VisualStudioVersion = 17.7.34202.233
MinimumVisualStudioVersion = 10.0.40219.1
Project("{FAE04EC0-301F-11D3-BF4B-00C04F79EFBC}") = "SolidPrinciplePatientVisit", "SolidPrinciplePatientVisit\SolidPrinciplePatientVisit.csproj", "{C9D19546-25C0-4645-8ED4-1ABBAC15F705}"
EndProject
Global
	GlobalSection(SolutionConfigurationPlatforms) = preSolution
		Debug|Any CPU = Debug|Any CPU
		Release|Any CPU = Release|Any CPU
	EndGlobalSection
	GlobalSection(ProjectConfigurationPlatforms) = postSolution
		{C9D19546-25C0-4645-8ED4-1ABBAC15F705}.Debug|Any CPU.ActiveCfg = Debug|Any CPU
		{C9D19546-25C0-4645-8ED4-1ABBAC15F705}.Debug|Any CPU.Build.0 = Debug|Any CPU
		{C9D19546-25C0-4645-8ED4-1ABBAC15F705}.Release|Any CPU.ActiveCfg = Release|Any CPU
		{C9D19546-25C0-4645-8ED4-1ABBAC15F705}.Release|Any CPU.Build.0 = Release|Any CPU
	EndGlobalSection
	GlobalSection(SolutionProperties) = preSolution
		HideSolutionNode = FALSE
	EndGlobalSection
	GlobalSection(ExtensibilityGlobals) = postSolution
		SolutionGuid = {BE9121E6-F528-4302-ACCB-7EE699648440}
	EndGlobalSection
EndGlobal
