Microsoft Visual Studio Solution File, Format Version 12.00
# Visual Studio Version 17
VisualStudioVersion = 17.5.2.0
MinimumVisualStudioVersion = 10.0.40219.1
Project("{FAE04EC0-301F-11D3-BF4B-00C04F79EFBC}") = "Assessment3", "Assessment3.csproj", "{691E84DF-B36C-9E16-0E04-1C934B9BEF81}"
EndProject
Global
	GlobalSection(SolutionConfigurationPlatforms) = preSolution
		Debug|Any CPU = Debug|Any CPU
		Release|Any CPU = Release|Any CPU
	EndGlobalSection
	GlobalSection(ProjectConfigurationPlatforms) = postSolution
		{691E84DF-B36C-9E16-0E04-1C934B9BEF81}.Debug|Any CPU.ActiveCfg = Debug|Any CPU
		{691E84DF-B36C-9E16-0E04-1C934B9BEF81}.Debug|Any CPU.Build.0 = Debug|Any CPU
		{691E84DF-B36C-9E16-0E04-1C934B9BEF81}.Release|Any CPU.ActiveCfg = Release|Any CPU
		{691E84DF-B36C-9E16-0E04-1C934B9BEF81}.Release|Any CPU.Build.0 = Release|Any CPU
	EndGlobalSection
	GlobalSection(SolutionProperties) = preSolution
		HideSolutionNode = FALSE
	EndGlobalSection
	GlobalSection(ExtensibilityGlobals) = postSolution
		SolutionGuid = {1372B7BB-159D-43B3-B9F8-DA2DFB794764}
	EndGlobalSection
EndGlobal
