Microsoft Visual Studio Solution File, Format Version 12.00
# Visual Studio Version 17
VisualStudioVersion = 17.5.2.0
MinimumVisualStudioVersion = 10.0.40219.1
Project("{FAE04EC0-301F-11D3-BF4B-00C04F79EFBC}") = "PatientMine", "PatientMine.csproj", "{A14682C6-7325-8683-2481-4869B1923F85}"
EndProject
Global
	GlobalSection(SolutionConfigurationPlatforms) = preSolution
		Debug|Any CPU = Debug|Any CPU
		Release|Any CPU = Release|Any CPU
	EndGlobalSection
	GlobalSection(ProjectConfigurationPlatforms) = postSolution
		{A14682C6-7325-8683-2481-4869B1923F85}.Debug|Any CPU.ActiveCfg = Debug|Any CPU
		{A14682C6-7325-8683-2481-4869B1923F85}.Debug|Any CPU.Build.0 = Debug|Any CPU
		{A14682C6-7325-8683-2481-4869B1923F85}.Release|Any CPU.ActiveCfg = Release|Any CPU
		{A14682C6-7325-8683-2481-4869B1923F85}.Release|Any CPU.Build.0 = Release|Any CPU
	EndGlobalSection
	GlobalSection(SolutionProperties) = preSolution
		HideSolutionNode = FALSE
	EndGlobalSection
	GlobalSection(ExtensibilityGlobals) = postSolution
		SolutionGuid = {8E35EFE2-3E9B-450C-86AE-797091312713}
	EndGlobalSection
EndGlobal
